
Microsoft Visual Studio Solution File, Format Version 12.00
# Visual Studio 2013
VisualStudioVersion = 12.0.30501.0
MinimumVisualStudioVersion = 10.0.40219.1
Project("{FAE04EC0-301F-11D3-BF4B-00C04F79EFBC}") = "GUI_1", "GUI_1\GUI_1.csproj", "{35C231CE-C22E-4164-84A2-949DA25CBAFC}"
EndProject
Project("{FAE04EC0-301F-11D3-BF4B-00C04F79EFBC}") = "ClassLibrary1", "..\ConsoleApplication2\ClassLibrary1\ClassLibrary1.csproj", "{8BD7D71F-BA41-41EC-8871-797E18A79148}"
EndProject
Project("{FAE04EC0-301F-11D3-BF4B-00C04F79EFBC}") = "algo_demo1", "..\ConsoleApplication2\algo_demo1\algo_demo1.csproj", "{0B3C82A7-D250-474D-A99D-888EE9665080}"
EndProject
Project("{FAE04EC0-301F-11D3-BF4B-00C04F79EFBC}") = "Xml_ConsoleApplication1", "Xml_ConsoleApplication1\Xml_ConsoleApplication1.csproj", "{12FBCB22-0097-4969-BCFC-638243B12D04}"
EndProject
Global
	GlobalSection(SolutionConfigurationPlatforms) = preSolution
		Debug|Any CPU = Debug|Any CPU
		Release|Any CPU = Release|Any CPU
	EndGlobalSection
	GlobalSection(ProjectConfigurationPlatforms) = postSolution
		{35C231CE-C22E-4164-84A2-949DA25CBAFC}.Debug|Any CPU.ActiveCfg = Debug|Any CPU
		{35C231CE-C22E-4164-84A2-949DA25CBAFC}.Debug|Any CPU.Build.0 = Debug|Any CPU
		{35C231CE-C22E-4164-84A2-949DA25CBAFC}.Release|Any CPU.ActiveCfg = Release|Any CPU
		{35C231CE-C22E-4164-84A2-949DA25CBAFC}.Release|Any CPU.Build.0 = Release|Any CPU
		{8BD7D71F-BA41-41EC-8871-797E18A79148}.Debug|Any CPU.ActiveCfg = Debug|Any CPU
		{8BD7D71F-BA41-41EC-8871-797E18A79148}.Debug|Any CPU.Build.0 = Debug|Any CPU
		{8BD7D71F-BA41-41EC-8871-797E18A79148}.Release|Any CPU.ActiveCfg = Release|Any CPU
		{8BD7D71F-BA41-41EC-8871-797E18A79148}.Release|Any CPU.Build.0 = Release|Any CPU
		{0B3C82A7-D250-474D-A99D-888EE9665080}.Debug|Any CPU.ActiveCfg = Debug|Any CPU
		{0B3C82A7-D250-474D-A99D-888EE9665080}.Debug|Any CPU.Build.0 = Debug|Any CPU
		{0B3C82A7-D250-474D-A99D-888EE9665080}.Release|Any CPU.ActiveCfg = Release|Any CPU
		{0B3C82A7-D250-474D-A99D-888EE9665080}.Release|Any CPU.Build.0 = Release|Any CPU
		{12FBCB22-0097-4969-BCFC-638243B12D04}.Debug|Any CPU.ActiveCfg = Debug|Any CPU
		{12FBCB22-0097-4969-BCFC-638243B12D04}.Debug|Any CPU.Build.0 = Debug|Any CPU
		{12FBCB22-0097-4969-BCFC-638243B12D04}.Release|Any CPU.ActiveCfg = Release|Any CPU
		{12FBCB22-0097-4969-BCFC-638243B12D04}.Release|Any CPU.Build.0 = Release|Any CPU
	EndGlobalSection
	GlobalSection(SolutionProperties) = preSolution
		HideSolutionNode = FALSE
	EndGlobalSection
EndGlobal
